{
  "name": "the-old-reader-bookmark",
  "version": "0.0.1",
  "lockfileVersion": 1,
  "requires": true,
  "dependencies": {
    "web-ext-types": {
      "version": "3.2.0",
      "resolved": "https://registry.npmjs.org/web-ext-types/-/web-ext-types-3.2.0.tgz",
      "integrity": "sha512-85MBVBvZTCtc5yTfwz+xKzycrW6lUpBi68Sn8dlMwOFNDyWroUHXRJNCO4Bs80ScfePf7ciF2J2N+1UDWpq1Lg==",
      "dev": true
    }
  }
}
